
Microsoft Visual Studio Solution File, Format Version 12.00
# Visual Studio Version 17
VisualStudioVersion = 17.14.36221.1 d17.14
MinimumVisualStudioVersion = 10.0.40219.1
Project("{FAE04EC0-301F-11D3-BF4B-00C04F79EFBC}") = "VideoGameAPI", "VideoGameAPI\VideoGameAPI.csproj", "{F4B8484A-293C-42EB-92A1-84B2A8842AFC}"
EndProject
Global
	GlobalSection(SolutionConfigurationPlatforms) = preSolution
		Debug|Any CPU = Debug|Any CPU
		Release|Any CPU = Release|Any CPU
	EndGlobalSection
	GlobalSection(ProjectConfigurationPlatforms) = postSolution
		{F4B8484A-293C-42EB-92A1-84B2A8842AFC}.Debug|Any CPU.ActiveCfg = Debug|Any CPU
		{F4B8484A-293C-42EB-92A1-84B2A8842AFC}.Debug|Any CPU.Build.0 = Debug|Any CPU
		{F4B8484A-293C-42EB-92A1-84B2A8842AFC}.Release|Any CPU.ActiveCfg = Release|Any CPU
		{F4B8484A-293C-42EB-92A1-84B2A8842AFC}.Release|Any CPU.Build.0 = Release|Any CPU
	EndGlobalSection
	GlobalSection(SolutionProperties) = preSolution
		HideSolutionNode = FALSE
	EndGlobalSection
	GlobalSection(ExtensibilityGlobals) = postSolution
		SolutionGuid = {BBFC1E78-1D8D-45B5-A9AE-008DD6A5A79C}
	EndGlobalSection
EndGlobal
